
Microsoft Visual Studio Solution File, Format Version 12.00
# Visual Studio Version 17
VisualStudioVersion = 17.4.33110.190
MinimumVisualStudioVersion = 10.0.40219.1
Project("{FAE04EC0-301F-11D3-BF4B-00C04F79EFBC}") = "Task1", "Task1\Task1.csproj", "{4EB1227B-D7D6-4496-B4FA-DF19CB98DA5C}"
EndProject
Global
	GlobalSection(SolutionConfigurationPlatforms) = preSolution
		Debug|Any CPU = Debug|Any CPU
		Release|Any CPU = Release|Any CPU
	EndGlobalSection
	GlobalSection(ProjectConfigurationPlatforms) = postSolution
		{4EB1227B-D7D6-4496-B4FA-DF19CB98DA5C}.Debug|Any CPU.ActiveCfg = Debug|Any CPU
		{4EB1227B-D7D6-4496-B4FA-DF19CB98DA5C}.Debug|Any CPU.Build.0 = Debug|Any CPU
		{4EB1227B-D7D6-4496-B4FA-DF19CB98DA5C}.Release|Any CPU.ActiveCfg = Release|Any CPU
		{4EB1227B-D7D6-4496-B4FA-DF19CB98DA5C}.Release|Any CPU.Build.0 = Release|Any CPU
	EndGlobalSection
	GlobalSection(SolutionProperties) = preSolution
		HideSolutionNode = FALSE
	EndGlobalSection
	GlobalSection(ExtensibilityGlobals) = postSolution
		SolutionGuid = {E933D0F4-CB3E-4A90-899C-819C11138121}
	EndGlobalSection
EndGlobal
